
Microsoft Visual Studio Solution File, Format Version 12.00
# Visual Studio Version 17
VisualStudioVersion = 17.7.34024.191
MinimumVisualStudioVersion = 10.0.40219.1
Project("{9A19103F-16F7-4668-BE54-9A1E7A4F7556}") = "Interfaz", "Interfaz\Interfaz.csproj", "{98FC2095-7CA3-4652-981A-118E295BFD29}"
EndProject
Project("{9A19103F-16F7-4668-BE54-9A1E7A4F7556}") = "ClasesObligatorioP2GVDS", "ClasesObligatorioP2GVDS\ClasesObligatorioP2GVDS.csproj", "{9C81B321-67D6-464F-BBC2-1CA068DD84D7}"
EndProject
Project("{FAE04EC0-301F-11D3-BF4B-00C04F79EFBC}") = "webapp", "webapp\webapp.csproj", "{551AB022-9380-4B5E-A4AD-FAF4B6E00851}"
EndProject
Global
	GlobalSection(SolutionConfigurationPlatforms) = preSolution
		Debug|Any CPU = Debug|Any CPU
		Release|Any CPU = Release|Any CPU
	EndGlobalSection
	GlobalSection(ProjectConfigurationPlatforms) = postSolution
		{98FC2095-7CA3-4652-981A-118E295BFD29}.Debug|Any CPU.ActiveCfg = Debug|Any CPU
		{98FC2095-7CA3-4652-981A-118E295BFD29}.Debug|Any CPU.Build.0 = Debug|Any CPU
		{98FC2095-7CA3-4652-981A-118E295BFD29}.Release|Any CPU.ActiveCfg = Release|Any CPU
		{98FC2095-7CA3-4652-981A-118E295BFD29}.Release|Any CPU.Build.0 = Release|Any CPU
		{9C81B321-67D6-464F-BBC2-1CA068DD84D7}.Debug|Any CPU.ActiveCfg = Debug|Any CPU
		{9C81B321-67D6-464F-BBC2-1CA068DD84D7}.Debug|Any CPU.Build.0 = Debug|Any CPU
		{9C81B321-67D6-464F-BBC2-1CA068DD84D7}.Release|Any CPU.ActiveCfg = Release|Any CPU
		{9C81B321-67D6-464F-BBC2-1CA068DD84D7}.Release|Any CPU.Build.0 = Release|Any CPU
		{551AB022-9380-4B5E-A4AD-FAF4B6E00851}.Debug|Any CPU.ActiveCfg = Debug|Any CPU
		{551AB022-9380-4B5E-A4AD-FAF4B6E00851}.Debug|Any CPU.Build.0 = Debug|Any CPU
		{551AB022-9380-4B5E-A4AD-FAF4B6E00851}.Release|Any CPU.ActiveCfg = Release|Any CPU
		{551AB022-9380-4B5E-A4AD-FAF4B6E00851}.Release|Any CPU.Build.0 = Release|Any CPU
	EndGlobalSection
	GlobalSection(SolutionProperties) = preSolution
		HideSolutionNode = FALSE
	EndGlobalSection
	GlobalSection(ExtensibilityGlobals) = postSolution
		SolutionGuid = {FC1F4455-BDED-465A-9C40-F5EB8CD63C89}
	EndGlobalSection
EndGlobal
